{"1.2.0",
[{<<"emysql">>,{pkg,<<"emysql">>,<<"0.4.1">>},0},
 {<<"eredis">>,{pkg,<<"eredis">>,<<"1.2.0">>},0},
 {<<"goldrush">>,{pkg,<<"goldrush">>,<<"0.1.9">>},1},
 {<<"lager">>,{pkg,<<"lager">>,<<"3.9.1">>},0}]}.
[
{pkg_hash,[
 {<<"emysql">>, <<"42DDBB41AB4D53E4AFAAEB8C6CD62CA932FA36FF8D5ADC7B8E3674D21F807188">>},
 {<<"eredis">>, <<"0B8E9CFC2C00FA1374CD107EA63B49BE08D933DF2CF175E6A89B73DD9C380DE4">>},
 {<<"goldrush">>, <<"F06E5D5F1277DA5C413E84D5A2924174182FB108DABB39D5EC548B27424CD106">>},
 {<<"lager">>, <<"5885BC71308CD38F9D025C8ECDE4E5CCE1CE8565F80BFC6199865C845D6DBE95">>}]},
{pkg_hash_ext,[
 {<<"emysql">>, <<"3EBD8D3746AECB35FA82AC557D97F11B2A979A64871966FCE8EC740A51793BD6">>},
 {<<"eredis">>, <<"D9B5ABEF2C2C8ABA8F32AA018203E0B3DC8B1157773B254AB1D4C2002317F1E1">>},
 {<<"goldrush">>, <<"99CB4128CFFCB3227581E5D4D803D5413FA643F4EB96523F77D9E6937D994CEB">>},
 {<<"lager">>, <<"3F59BA75A04A99E5F18BF91C89F46DCE536F83C6CB415FE26E6E75A62BEF37DC">>}]}
].
